
Microsoft Visual Studio Solution File, Format Version 12.00
# Visual Studio Version 17
VisualStudioVersion = 17.8.34511.84
MinimumVisualStudioVersion = 10.0.40219.1
Project("{9A19103F-16F7-4668-BE54-9A1E7A4F7556}") = "microservicetest", "microservicetest\microservicetest.csproj", "{39D2EAFA-0CE1-4BEA-947F-752ADC49815E}"
EndProject
Project("{9A19103F-16F7-4668-BE54-9A1E7A4F7556}") = "testmicroservice2", "testmicroservice2\testmicroservice2.csproj", "{E8E0F17B-8587-4100-8A3F-5E7DDCE59FFE}"
EndProject
Project("{E53339B2-1760-4266-BCC7-CA923CBCF16C}") = "docker-compose", "docker-compose.dcproj", "{D82B1B28-6A35-4544-B8C5-E2BEFD3B1168}"
EndProject
Global
	GlobalSection(SolutionConfigurationPlatforms) = preSolution
		Debug|Any CPU = Debug|Any CPU
		Release|Any CPU = Release|Any CPU
	EndGlobalSection
	GlobalSection(ProjectConfigurationPlatforms) = postSolution
		{39D2EAFA-0CE1-4BEA-947F-752ADC49815E}.Debug|Any CPU.ActiveCfg = Debug|Any CPU
		{39D2EAFA-0CE1-4BEA-947F-752ADC49815E}.Debug|Any CPU.Build.0 = Debug|Any CPU
		{39D2EAFA-0CE1-4BEA-947F-752ADC49815E}.Release|Any CPU.ActiveCfg = Release|Any CPU
		{39D2EAFA-0CE1-4BEA-947F-752ADC49815E}.Release|Any CPU.Build.0 = Release|Any CPU
		{E8E0F17B-8587-4100-8A3F-5E7DDCE59FFE}.Debug|Any CPU.ActiveCfg = Debug|Any CPU
		{E8E0F17B-8587-4100-8A3F-5E7DDCE59FFE}.Debug|Any CPU.Build.0 = Debug|Any CPU
		{E8E0F17B-8587-4100-8A3F-5E7DDCE59FFE}.Release|Any CPU.ActiveCfg = Release|Any CPU
		{E8E0F17B-8587-4100-8A3F-5E7DDCE59FFE}.Release|Any CPU.Build.0 = Release|Any CPU
		{D82B1B28-6A35-4544-B8C5-E2BEFD3B1168}.Debug|Any CPU.ActiveCfg = Debug|Any CPU
		{D82B1B28-6A35-4544-B8C5-E2BEFD3B1168}.Debug|Any CPU.Build.0 = Debug|Any CPU
		{D82B1B28-6A35-4544-B8C5-E2BEFD3B1168}.Release|Any CPU.ActiveCfg = Release|Any CPU
		{D82B1B28-6A35-4544-B8C5-E2BEFD3B1168}.Release|Any CPU.Build.0 = Release|Any CPU
	EndGlobalSection
	GlobalSection(SolutionProperties) = preSolution
		HideSolutionNode = FALSE
	EndGlobalSection
	GlobalSection(ExtensibilityGlobals) = postSolution
		SolutionGuid = {5B482A1F-8095-4C9E-B1FC-B9530DE0A9E0}
	EndGlobalSection
EndGlobal
